
Microsoft Visual Studio Solution File, Format Version 12.00
# Visual Studio Version 17
VisualStudioVersion = 17.0.31903.59
MinimumVisualStudioVersion = 10.0.40219.1
Project("{FAE04EC0-301F-11D3-BF4B-00C04F79EFBC}") = "Task01", "Task01\Task01.csproj", "{4476ADCB-D13F-48FA-BB9A-4A153EA5337E}"
EndProject
Project("{FAE04EC0-301F-11D3-BF4B-00C04F79EFBC}") = "Task02", "Task02\Task02.csproj", "{B6ACA449-06DB-470A-9982-FB6643E6564F}"
EndProject
Project("{FAE04EC0-301F-11D3-BF4B-00C04F79EFBC}") = "Task03", "Task03\Task03.csproj", "{FC4067C0-5FEE-40D3-8B72-52E03300DE12}"
EndProject
Project("{FAE04EC0-301F-11D3-BF4B-00C04F79EFBC}") = "Task04", "Task04\Task04.csproj", "{194BF68B-EAB3-4297-9263-45FFB8500074}"
EndProject
Global
	GlobalSection(SolutionConfigurationPlatforms) = preSolution
		Debug|Any CPU = Debug|Any CPU
		Release|Any CPU = Release|Any CPU
	EndGlobalSection
	GlobalSection(SolutionProperties) = preSolution
		HideSolutionNode = FALSE
	EndGlobalSection
	GlobalSection(ProjectConfigurationPlatforms) = postSolution
		{4476ADCB-D13F-48FA-BB9A-4A153EA5337E}.Debug|Any CPU.ActiveCfg = Debug|Any CPU
		{4476ADCB-D13F-48FA-BB9A-4A153EA5337E}.Debug|Any CPU.Build.0 = Debug|Any CPU
		{4476ADCB-D13F-48FA-BB9A-4A153EA5337E}.Release|Any CPU.ActiveCfg = Release|Any CPU
		{4476ADCB-D13F-48FA-BB9A-4A153EA5337E}.Release|Any CPU.Build.0 = Release|Any CPU
		{B6ACA449-06DB-470A-9982-FB6643E6564F}.Debug|Any CPU.ActiveCfg = Debug|Any CPU
		{B6ACA449-06DB-470A-9982-FB6643E6564F}.Debug|Any CPU.Build.0 = Debug|Any CPU
		{B6ACA449-06DB-470A-9982-FB6643E6564F}.Release|Any CPU.ActiveCfg = Release|Any CPU
		{B6ACA449-06DB-470A-9982-FB6643E6564F}.Release|Any CPU.Build.0 = Release|Any CPU
		{FC4067C0-5FEE-40D3-8B72-52E03300DE12}.Debug|Any CPU.ActiveCfg = Debug|Any CPU
		{FC4067C0-5FEE-40D3-8B72-52E03300DE12}.Debug|Any CPU.Build.0 = Debug|Any CPU
		{FC4067C0-5FEE-40D3-8B72-52E03300DE12}.Release|Any CPU.ActiveCfg = Release|Any CPU
		{FC4067C0-5FEE-40D3-8B72-52E03300DE12}.Release|Any CPU.Build.0 = Release|Any CPU
		{194BF68B-EAB3-4297-9263-45FFB8500074}.Debug|Any CPU.ActiveCfg = Debug|Any CPU
		{194BF68B-EAB3-4297-9263-45FFB8500074}.Debug|Any CPU.Build.0 = Debug|Any CPU
		{194BF68B-EAB3-4297-9263-45FFB8500074}.Release|Any CPU.ActiveCfg = Release|Any CPU
		{194BF68B-EAB3-4297-9263-45FFB8500074}.Release|Any CPU.Build.0 = Release|Any CPU
	EndGlobalSection
EndGlobal
